github.com/ergochat/irc-go v0.0.0-20210809141720-dd73c4f86237 h1:gIP6tQYZ2cwTQvV/hqXwwFPdpUF0iq+WUs5kbShGA2A=
github.com/ergochat/irc-go v0.0.0-20210809141720-dd73c4f86237/go.mod h1:2vi7KNpIPWnReB5hmLpl92eMywQvuIeIIGdt/FQCph0=
golang.org/x/time v0.0.0-20210723032227-1f47c861a9ac h1:7zkz7BUtwNFFqcowJ+RIgu2MaV/MapERkDIy+mwPyjs=
golang.org/x/time v0.0.0-20210723032227-1f47c861a9ac/go.mod h1:tRJNPiyCQ0inRvYxbN9jk5I+vvW/OXSQhTDSoE431IQ=
